
Microsoft Visual Studio Solution File, Format Version 12.00
# Visual Studio Version 16
VisualStudioVersion = 16.0.32126.315
MinimumVisualStudioVersion = 10.0.40219.1
Project("{FAE04EC0-301F-11D3-BF4B-00C04F79EFBC}") = "Practise Təkrar Csharp", "Practise Təkrar Csharp\Practise Təkrar Csharp.csproj", "{6DDADF89-C594-47FA-A7B3-F854D4F476DB}"
EndProject
Global
	GlobalSection(SolutionConfigurationPlatforms) = preSolution
		Debug|Any CPU = Debug|Any CPU
		Release|Any CPU = Release|Any CPU
	EndGlobalSection
	GlobalSection(ProjectConfigurationPlatforms) = postSolution
		{6DDADF89-C594-47FA-A7B3-F854D4F476DB}.Debug|Any CPU.ActiveCfg = Debug|Any CPU
		{6DDADF89-C594-47FA-A7B3-F854D4F476DB}.Debug|Any CPU.Build.0 = Debug|Any CPU
		{6DDADF89-C594-47FA-A7B3-F854D4F476DB}.Release|Any CPU.ActiveCfg = Release|Any CPU
		{6DDADF89-C594-47FA-A7B3-F854D4F476DB}.Release|Any CPU.Build.0 = Release|Any CPU
	EndGlobalSection
	GlobalSection(SolutionProperties) = preSolution
		HideSolutionNode = FALSE
	EndGlobalSection
	GlobalSection(ExtensibilityGlobals) = postSolution
		SolutionGuid = {638330F1-C3E9-476E-B334-9F46C5045D79}
	EndGlobalSection
EndGlobal
